// !$*UTF8*$!
{
	archiveVersion = 1;
	classes = {
	};
	objectVersion = 50;
	objects = {

/* Begin PBXBuildFile section */
		CA26429F2651DEB00095077B /* HomeView.swift in Sources */ = {isa = PBXBuildFile; fileRef = CA26429E2651DEB00095077B /* HomeView.swift */; };
		CA2642A12651DEBD0095077B /* ProjectView.swift in Sources */ = {isa = PBXBuildFile; fileRef = CA2642A02651DEBD0095077B /* ProjectView.swift */; };
		CA2642A32651E6DC0095077B /* ProjectExtension.swift in Sources */ = {isa = PBXBuildFile; fileRef = CA2642A22651E6DC0095077B /* ProjectExtension.swift */; };
		CA2642A52651E7C80095077B /* TaskExtension.swift in Sources */ = {isa = PBXBuildFile; fileRef = CA2642A42651E7C80095077B /* TaskExtension.swift */; };
		CA68ACBD26527ADA002E42D0 /* TaskEditingView.swift in Sources */ = {isa = PBXBuildFile; fileRef = CA68ACBC26527ADA002E42D0 /* TaskEditingView.swift */; };
		CA68ACBF26528273002E42D0 /* TaskRowView.swift in Sources */ = {isa = PBXBuildFile; fileRef = CA68ACBE26528273002E42D0 /* TaskRowView.swift */; };
		CA68ACC1265285E9002E42D0 /* BindingExtension.swift in Sources */ = {isa = PBXBuildFile; fileRef = CA68ACC0265285E9002E42D0 /* BindingExtension.swift */; };
		CA6A3C362653BE3400E6CC6D /* ProjectHeaderView.swift in Sources */ = {isa = PBXBuildFile; fileRef = CA6A3C352653BE3400E6CC6D /* ProjectHeaderView.swift */; };
		CA6A3C382653C25B00E6CC6D /* Colors.xcassets in Resources */ = {isa = PBXBuildFile; fileRef = CA6A3C372653C25B00E6CC6D /* Colors.xcassets */; };
		CA6A3C3A2653C3BF00E6CC6D /* ProjectEditingView.swift in Sources */ = {isa = PBXBuildFile; fileRef = CA6A3C392653C3BF00E6CC6D /* ProjectEditingView.swift */; };
		CA8AED4C2656AAF40036818C /* CustomEmptyView.swift in Sources */ = {isa = PBXBuildFile; fileRef = CA8AED4B2656AAF40036818C /* CustomEmptyView.swift */; };
		CAA0813126508251004EE265 /* TO_DOApp.swift in Sources */ = {isa = PBXBuildFile; fileRef = CAA0813026508251004EE265 /* TO_DOApp.swift */; };
		CAA0813326508251004EE265 /* ContentView.swift in Sources */ = {isa = PBXBuildFile; fileRef = CAA0813226508251004EE265 /* ContentView.swift */; };
		CAA0813526508251004EE265 /* Assets.xcassets in Resources */ = {isa = PBXBuildFile; fileRef = CAA0813426508251004EE265 /* Assets.xcassets */; };
		CAA0813826508251004EE265 /* Preview Assets.xcassets in Resources */ = {isa = PBXBuildFile; fileRef = CAA0813726508251004EE265 /* Preview Assets.xcassets */; };
		CAA081412650892D004EE265 /* Main.xcdatamodeld in Sources */ = {isa = PBXBuildFile; fileRef = CAA0813F2650892D004EE265 /* Main.xcdatamodeld */; };
		CAA0814326508D58004EE265 /* DataController.swift in Sources */ = {isa = PBXBuildFile; fileRef = CAA0814226508D58004EE265 /* DataController.swift */; };
/* End PBXBuildFile section */

/* Begin PBXFileReference section */
		CA26429E2651DEB00095077B /* HomeView.swift */ = {isa = PBXFileReference; lastKnownFileType = sourcecode.swift; path = HomeView.swift; sourceTree = "<group>"; };
		CA2642A02651DEBD0095077B /* ProjectView.swift */ = {isa = PBXFileReference; lastKnownFileType = sourcecode.swift; path = ProjectView.swift; sourceTree = "<group>"; };
		CA2642A22651E6DC0095077B /* ProjectExtension.swift */ = {isa = PBXFileReference; lastKnownFileType = sourcecode.swift; path = ProjectExtension.swift; sourceTree = "<group>"; };
		CA2642A42651E7C80095077B /* TaskExtension.swift */ = {isa = PBXFileReference; lastKnownFileType = sourcecode.swift; path = TaskExtension.swift; sourceTree = "<group>"; };
		CA68ACBC26527ADA002E42D0 /* TaskEditingView.swift */ = {isa = PBXFileReference; lastKnownFileType = sourcecode.swift; path = TaskEditingView.swift; sourceTree = "<group>"; };
		CA68ACBE26528273002E42D0 /* TaskRowView.swift */ = {isa = PBXFileReference; lastKnownFileType = sourcecode.swift; path = TaskRowView.swift; sourceTree = "<group>"; };
		CA68ACC0265285E9002E42D0 /* BindingExtension.swift */ = {isa = PBXFileReference; lastKnownFileType = sourcecode.swift; path = BindingExtension.swift; sourceTree = "<group>"; };
		CA6A3C352653BE3400E6CC6D /* ProjectHeaderView.swift */ = {isa = PBXFileReference; lastKnownFileType = sourcecode.swift; path = ProjectHeaderView.swift; sourceTree = "<group>"; };
		CA6A3C372653C25B00E6CC6D /* Colors.xcassets */ = {isa = PBXFileReference; lastKnownFileType = folder.assetcatalog; path = Colors.xcassets; sourceTree = "<group>"; };
		CA6A3C392653C3BF00E6CC6D /* ProjectEditingView.swift */ = {isa = PBXFileReference; lastKnownFileType = sourcecode.swift; path = ProjectEditingView.swift; sourceTree = "<group>"; };
		CA8AED4B2656AAF40036818C /* CustomEmptyView.swift */ = {isa = PBXFileReference; lastKnownFileType = sourcecode.swift; path = CustomEmptyView.swift; sourceTree = "<group>"; };
		CAA0812D26508251004EE265 /* TO-DO.app */ = {isa = PBXFileReference; explicitFileType = wrapper.application; includeInIndex = 0; path = "TO-DO.app"; sourceTree = BUILT_PRODUCTS_DIR; };
		CAA0813026508251004EE265 /* TO_DOApp.swift */ = {isa = PBXFileReference; lastKnownFileType = sourcecode.swift; path = TO_DOApp.swift; sourceTree = "<group>"; };
		CAA0813226508251004EE265 /* ContentView.swift */ = {isa = PBXFileReference; lastKnownFileType = sourcecode.swift; path = ContentView.swift; sourceTree = "<group>"; };
		CAA0813426508251004EE265 /* Assets.xcassets */ = {isa = PBXFileReference; lastKnownFileType = folder.assetcatalog; path = Assets.xcassets; sourceTree = "<group>"; };
		CAA0813726508251004EE265 /* Preview Assets.xcassets */ = {isa = PBXFileReference; lastKnownFileType = folder.assetcatalog; path = "Preview Assets.xcassets"; sourceTree = "<group>"; };
		CAA0813926508251004EE265 /* Info.plist */ = {isa = PBXFileReference; lastKnownFileType = text.plist.xml; path = Info.plist; sourceTree = "<group>"; };
		CAA081402650892D004EE265 /* Main.xcdatamodel */ = {isa = PBXFileReference; lastKnownFileType = wrapper.xcdatamodel; path = Main.xcdatamodel; sourceTree = "<group>"; };
		CAA0814226508D58004EE265 /* DataController.swift */ = {isa = PBXFileReference; lastKnownFileType = sourcecode.swift; path = DataController.swift; sourceTree = "<group>"; };
/* End PBXFileReference section */

/* Begin PBXFrameworksBuildPhase section */
		CAA0812A26508251004EE265 /* Frameworks */ = {
			isa = PBXFrameworksBuildPhase;
			buildActionMask = 2147483647;
			files = (
			);
			runOnlyForDeploymentPostprocessing = 0;
		};
/* End PBXFrameworksBuildPhase section */

/* Begin PBXGroup section */
		CAA0812426508251004EE265 = {
			isa = PBXGroup;
			children = (
				CAA0812F26508251004EE265 /* TO-DO */,
				CAA0812E26508251004EE265 /* Products */,
			);
			sourceTree = "<group>";
		};
		CAA0812E26508251004EE265 /* Products */ = {
			isa = PBXGroup;
			children = (
				CAA0812D26508251004EE265 /* TO-DO.app */,
			);
			name = Products;
			sourceTree = "<group>";
		};
		CAA0812F26508251004EE265 /* TO-DO */ = {
			isa = PBXGroup;
			children = (
				CAA0813026508251004EE265 /* TO_DOApp.swift */,
				CA68ACC0265285E9002E42D0 /* BindingExtension.swift */,
				CA68ACBE26528273002E42D0 /* TaskRowView.swift */,
				CA68ACBC26527ADA002E42D0 /* TaskEditingView.swift */,
				CA6A3C352653BE3400E6CC6D /* ProjectHeaderView.swift */,
				CA26429E2651DEB00095077B /* HomeView.swift */,
				CA2642A02651DEBD0095077B /* ProjectView.swift */,
				CA8AED4B2656AAF40036818C /* CustomEmptyView.swift */,
				CA2642A22651E6DC0095077B /* ProjectExtension.swift */,
				CA6A3C392653C3BF00E6CC6D /* ProjectEditingView.swift */,
				CA2642A42651E7C80095077B /* TaskExtension.swift */,
				CAA0813226508251004EE265 /* ContentView.swift */,
				CAA0813F2650892D004EE265 /* Main.xcdatamodeld */,
				CAA0814226508D58004EE265 /* DataController.swift */,
				CAA0813426508251004EE265 /* Assets.xcassets */,
				CA6A3C372653C25B00E6CC6D /* Colors.xcassets */,
				CAA0813926508251004EE265 /* Info.plist */,
				CAA0813626508251004EE265 /* Preview Content */,
			);
			path = "TO-DO";
			sourceTree = "<group>";
		};
		CAA0813626508251004EE265 /* Preview Content */ = {
			isa = PBXGroup;
			children = (
				CAA0813726508251004EE265 /* Preview Assets.xcassets */,
			);
			path = "Preview Content";
			sourceTree = "<group>";
		};
/* End PBXGroup section */

/* Begin PBXNativeTarget section */
		CAA0812C26508251004EE265 /* TO-DO */ = {
			isa = PBXNativeTarget;
			buildConfigurationList = CAA0813C26508251004EE265 /* Build configuration list for PBXNativeTarget "TO-DO" */;
			buildPhases = (
				CAA0812926508251004EE265 /* Sources */,
				CAA0812A26508251004EE265 /* Frameworks */,
				CAA0812B26508251004EE265 /* Resources */,
			);
			buildRules = (
			);
			dependencies = (
			);
			name = "TO-DO";
			productName = "TO-DO";
			productReference = CAA0812D26508251004EE265 /* TO-DO.app */;
			productType = "com.apple.product-type.application";
		};
/* End PBXNativeTarget section */

/* Begin PBXProject section */
		CAA0812526508251004EE265 /* Project object */ = {
			isa = PBXProject;
			attributes = {
				LastSwiftUpdateCheck = 1250;
				LastUpgradeCheck = 1250;
				TargetAttributes = {
					CAA0812C26508251004EE265 = {
						CreatedOnToolsVersion = 12.5;
					};
				};
			};
			buildConfigurationList = CAA0812826508251004EE265 /* Build configuration list for PBXProject "TO-DO" */;
			compatibilityVersion = "Xcode 9.3";
			developmentRegion = en;
			hasScannedForEncodings = 0;
			knownRegions = (
				en,
				Base,
			);
			mainGroup = CAA0812426508251004EE265;
			productRefGroup = CAA0812E26508251004EE265 /* Products */;
			projectDirPath = "";
			projectRoot = "";
			targets = (
				CAA0812C26508251004EE265 /* TO-DO */,
			);
		};
/* End PBXProject section */

/* Begin PBXResourcesBuildPhase section */
		CAA0812B26508251004EE265 /* Resources */ = {
			isa = PBXResourcesBuildPhase;
			buildActionMask = 2147483647;
			files = (
				CA6A3C382653C25B00E6CC6D /* Colors.xcassets in Resources */,
				CAA0813826508251004EE265 /* Preview Assets.xcassets in Resources */,
				CAA0813526508251004EE265 /* Assets.xcassets in Resources */,
			);
			runOnlyForDeploymentPostprocessing = 0;
		};
/* End PBXResourcesBuildPhase section */

/* Begin PBXSourcesBuildPhase section */
		CAA0812926508251004EE265 /* Sources */ = {
			isa = PBXSourcesBuildPhase;
			buildActionMask = 2147483647;
			files = (
				CA68ACBF26528273002E42D0 /* TaskRowView.swift in Sources */,
				CA6A3C362653BE3400E6CC6D /* ProjectHeaderView.swift in Sources */,
				CA8AED4C2656AAF40036818C /* CustomEmptyView.swift in Sources */,
				CA2642A32651E6DC0095077B /* ProjectExtension.swift in Sources */,
				CA2642A12651DEBD0095077B /* ProjectView.swift in Sources */,
				CA68ACC1265285E9002E42D0 /* BindingExtension.swift in Sources */,
				CAA081412650892D004EE265 /* Main.xcdatamodeld in Sources */,
				CAA0814326508D58004EE265 /* DataController.swift in Sources */,
				CAA0813326508251004EE265 /* ContentView.swift in Sources */,
				CA68ACBD26527ADA002E42D0 /* TaskEditingView.swift in Sources */,
				CA26429F2651DEB00095077B /* HomeView.swift in Sources */,
				CA6A3C3A2653C3BF00E6CC6D /* ProjectEditingView.swift in Sources */,
				CA2642A52651E7C80095077B /* TaskExtension.swift in Sources */,
				CAA0813126508251004EE265 /* TO_DOApp.swift in Sources */,
			);
			runOnlyForDeploymentPostprocessing = 0;
		};
/* End PBXSourcesBuildPhase section */

/* Begin XCBuildConfiguration section */
		CAA0813A26508251004EE265 /* Debug */ = {
			isa = XCBuildConfiguration;
			buildSettings = {
				ALWAYS_SEARCH_USER_PATHS = NO;
				CLANG_ANALYZER_NONNULL = YES;
				CLANG_ANALYZER_NUMBER_OBJECT_CONVERSION = YES_AGGRESSIVE;
				CLANG_CXX_LANGUAGE_STANDARD = "gnu++14";
				CLANG_CXX_LIBRARY = "libc++";
				CLANG_ENABLE_MODULES = YES;
				CLANG_ENABLE_OBJC_ARC = YES;
				CLANG_ENABLE_OBJC_WEAK = YES;
				CLANG_WARN_BLOCK_CAPTURE_AUTORELEASING = YES;
				CLANG_WARN_BOOL_CONVERSION = YES;
				CLANG_WARN_COMMA = YES;
				CLANG_WARN_CONSTANT_CONVERSION = YES;
				CLANG_WARN_DEPRECATED_OBJC_IMPLEMENTATIONS = YES;
				CLANG_WARN_DIRECT_OBJC_ISA_USAGE = YES_ERROR;
				CLANG_WARN_DOCUMENTATION_COMMENTS = YES;
				CLANG_WARN_EMPTY_BODY = YES;
				CLANG_WARN_ENUM_CONVERSION = YES;
				CLANG_WARN_INFINITE_RECURSION = YES;
				CLANG_WARN_INT_CONVERSION = YES;
				CLANG_WARN_NON_LITERAL_NULL_CONVERSION = YES;
				CLANG_WARN_OBJC_IMPLICIT_RETAIN_SELF = YES;
				CLANG_WARN_OBJC_LITERAL_CONVERSION = YES;
				CLANG_WARN_OBJC_ROOT_CLASS = YES_ERROR;
				CLANG_WARN_QUOTED_INCLUDE_IN_FRAMEWORK_HEADER = YES;
				CLANG_WARN_RANGE_LOOP_ANALYSIS = YES;
				CLANG_WARN_STRICT_PROTOTYPES = YES;
				CLANG_WARN_SUSPICIOUS_MOVE = YES;
				CLANG_WARN_UNGUARDED_AVAILABILITY = YES_AGGRESSIVE;
				CLANG_WARN_UNREACHABLE_CODE = YES;
				CLANG_WARN__DUPLICATE_METHOD_MATCH = YES;
				COPY_PHASE_STRIP = NO;
				DEBUG_INFORMATION_FORMAT = dwarf;
				ENABLE_STRICT_OBJC_MSGSEND = YES;
				ENABLE_TESTABILITY = YES;
				GCC_C_LANGUAGE_STANDARD = gnu11;
				GCC_DYNAMIC_NO_PIC = NO;
				GCC_NO_COMMON_BLOCKS = YES;
				GCC_OPTIMIZATION_LEVEL = 0;
				GCC_PREPROCESSOR_DEFINITIONS = (
					"DEBUG=1",
					"$(inherited)",
				);
				GCC_WARN_64_TO_32_BIT_CONVERSION = YES;
				GCC_WARN_ABOUT_RETURN_TYPE = YES_ERROR;
				GCC_WARN_UNDECLARED_SELECTOR = YES;
				GCC_WARN_UNINITIALIZED_AUTOS = YES_AGGRESSIVE;
				GCC_WARN_UNUSED_FUNCTION = YES;
				GCC_WARN_UNUSED_VARIABLE = YES;
				IPHONEOS_DEPLOYMENT_TARGET = 14.5;
				MTL_ENABLE_DEBUG_INFO = INCLUDE_SOURCE;
				MTL_FAST_MATH = YES;
				ONLY_ACTIVE_ARCH = YES;
				SDKROOT = iphoneos;
				SWIFT_ACTIVE_COMPILATION_CONDITIONS = DEBUG;
				SWIFT_OPTIMIZATION_LEVEL = "-Onone";
			};
			name = Debug;
		};
		CAA0813B26508251004EE265 /* Release */ = {
			isa = XCBuildConfiguration;
			buildSettings = {
				ALWAYS_SEARCH_USER_PATHS = NO;
				CLANG_ANALYZER_NONNULL = YES;
				CLANG_ANALYZER_NUMBER_OBJECT_CONVERSION = YES_AGGRESSIVE;
				CLANG_CXX_LANGUAGE_STANDARD = "gnu++14";
				CLANG_CXX_LIBRARY = "libc++";
				CLANG_ENABLE_MODULES = YES;
				CLANG_ENABLE_OBJC_ARC = YES;
				CLANG_ENABLE_OBJC_WEAK = YES;
				CLANG_WARN_BLOCK_CAPTURE_AUTORELEASING = YES;
				CLANG_WARN_BOOL_CONVERSION = YES;
				CLANG_WARN_COMMA = YES;
				CLANG_WARN_CONSTANT_CONVERSION = YES;
				CLANG_WARN_DEPRECATED_OBJC_IMPLEMENTATIONS = YES;
				CLANG_WARN_DIRECT_OBJC_ISA_USAGE = YES_ERROR;
				CLANG_WARN_DOCUMENTATION_COMMENTS = YES;
				CLANG_WARN_EMPTY_BODY = YES;
				CLANG_WARN_ENUM_CONVERSION = YES;
				CLANG_WARN_INFINITE_RECURSION = YES;
				CLANG_WARN_INT_CONVERSION = YES;
				CLANG_WARN_NON_LITERAL_NULL_CONVERSION = YES;
				CLANG_WARN_OBJC_IMPLICIT_RETAIN_SELF = YES;
				CLANG_WARN_OBJC_LITERAL_CONVERSION = YES;
				CLANG_WARN_OBJC_ROOT_CLASS = YES_ERROR;
				CLANG_WARN_QUOTED_INCLUDE_IN_FRAMEWORK_HEADER = YES;
				CLANG_WARN_RANGE_LOOP_ANALYSIS = YES;
				CLANG_WARN_STRICT_PROTOTYPES = YES;
				CLANG_WARN_SUSPICIOUS_MOVE = YES;
				CLANG_WARN_UNGUARDED_AVAILABILITY = YES_AGGRESSIVE;
				CLANG_WARN_UNREACHABLE_CODE = YES;
				CLANG_WARN__DUPLICATE_METHOD_MATCH = YES;
				COPY_PHASE_STRIP = NO;
				DEBUG_INFORMATION_FORMAT = "dwarf-with-dsym";
				ENABLE_NS_ASSERTIONS = NO;
				ENABLE_STRICT_OBJC_MSGSEND = YES;
				GCC_C_LANGUAGE_STANDARD = gnu11;
				GCC_NO_COMMON_BLOCKS = YES;
				GCC_WARN_64_TO_32_BIT_CONVERSION = YES;
				GCC_WARN_ABOUT_RETURN_TYPE = YES_ERROR;
				GCC_WARN_UNDECLARED_SELECTOR = YES;
				GCC_WARN_UNINITIALIZED_AUTOS = YES_AGGRESSIVE;
				GCC_WARN_UNUSED_FUNCTION = YES;
				GCC_WARN_UNUSED_VARIABLE = YES;
				IPHONEOS_DEPLOYMENT_TARGET = 14.5;
				MTL_ENABLE_DEBUG_INFO = NO;
				MTL_FAST_MATH = YES;
				SDKROOT = iphoneos;
				SWIFT_COMPILATION_MODE = wholemodule;
				SWIFT_OPTIMIZATION_LEVEL = "-O";
				VALIDATE_PRODUCT = YES;
			};
			name = Release;
		};
		CAA0813D26508251004EE265 /* Debug */ = {
			isa = XCBuildConfiguration;
			buildSettings = {
				ASSETCATALOG_COMPILER_APPICON_NAME = AppIcon;
				ASSETCATALOG_COMPILER_GLOBAL_ACCENT_COLOR_NAME = AccentColor;
				CODE_SIGN_STYLE = Automatic;
				DEVELOPMENT_ASSET_PATHS = "\"TO-DO/Preview Content\"";
				DEVELOPMENT_TEAM = NAKVM6YWDQ;
				ENABLE_PREVIEWS = YES;
				INFOPLIST_FILE = "TO-DO/Info.plist";
				IPHONEOS_DEPLOYMENT_TARGET = 14.0;
				LD_RUNPATH_SEARCH_PATHS = (
					"$(inherited)",
					"@executable_path/Frameworks",
				);
				PRODUCT_BUNDLE_IDENTIFIER = "com.milosmalovic11.TO-DO-Example";
				PRODUCT_NAME = "$(TARGET_NAME)";
				SWIFT_VERSION = 5.0;
				TARGETED_DEVICE_FAMILY = "1,2";
			};
			name = Debug;
		};
		CAA0813E26508252004EE265 /* Release */ = {
			isa = XCBuildConfiguration;
			buildSettings = {
				ASSETCATALOG_COMPILER_APPICON_NAME = AppIcon;
				ASSETCATALOG_COMPILER_GLOBAL_ACCENT_COLOR_NAME = AccentColor;
				CODE_SIGN_STYLE = Automatic;
				DEVELOPMENT_ASSET_PATHS = "\"TO-DO/Preview Content\"";
				DEVELOPMENT_TEAM = NAKVM6YWDQ;
				ENABLE_PREVIEWS = YES;
				INFOPLIST_FILE = "TO-DO/Info.plist";
				IPHONEOS_DEPLOYMENT_TARGET = 14.0;
				LD_RUNPATH_SEARCH_PATHS = (
					"$(inherited)",
					"@executable_path/Frameworks",
				);
				PRODUCT_BUNDLE_IDENTIFIER = "com.milosmalovic11.TO-DO-Example";
				PRODUCT_NAME = "$(TARGET_NAME)";
				SWIFT_VERSION = 5.0;
				TARGETED_DEVICE_FAMILY = "1,2";
			};
			name = Release;
		};
/* End XCBuildConfiguration section */

/* Begin XCConfigurationList section */
		CAA0812826508251004EE265 /* Build configuration list for PBXProject "TO-DO" */ = {
			isa = XCConfigurationList;
			buildConfigurations = (
				CAA0813A26508251004EE265 /* Debug */,
				CAA0813B26508251004EE265 /* Release */,
			);
			defaultConfigurationIsVisible = 0;
			defaultConfigurationName = Release;
		};
		CAA0813C26508251004EE265 /* Build configuration list for PBXNativeTarget "TO-DO" */ = {
			isa = XCConfigurationList;
			buildConfigurations = (
				CAA0813D26508251004EE265 /* Debug */,
				CAA0813E26508252004EE265 /* Release */,
			);
			defaultConfigurationIsVisible = 0;
			defaultConfigurationName = Release;
		};
/* End XCConfigurationList section */

/* Begin XCVersionGroup section */
		CAA0813F2650892D004EE265 /* Main.xcdatamodeld */ = {
			isa = XCVersionGroup;
			children = (
				CAA081402650892D004EE265 /* Main.xcdatamodel */,
			);
			currentVersion = CAA081402650892D004EE265 /* Main.xcdatamodel */;
			path = Main.xcdatamodeld;
			sourceTree = "<group>";
			versionGroupType = wrapper.xcdatamodel;
		};
/* End XCVersionGroup section */
	};
	rootObject = CAA0812526508251004EE265 /* Project object */;
}
